{
    "_meta": {
        "hash": {
            "sha256": "574ab5e9e7ceeb258814cea869f7bd85cfa5ceaa7c2b94aae779e98f997b2088"
        },
        "pipfile-spec": 6,
        "requires": {
            "python_version": "3"
        },
        "sources": [
            {
                "name": "pypi",
                "url": "https://pypi.org/simple",
                "verify_ssl": true
            }
        ]
    },
    "default": {
        "crc16": {
            "hashes": [
                "sha256:1439e3cc0244a4758aa2d40a31b062086c24f5602046ec2fa4356484c4b5a385",
                "sha256:1b9f697a93491ae42ed653c1e78ea25a33532afab87b513e6890975450271a01",
                "sha256:521643768ff000a7758bc1f1c5e1dc41ae64b42fa57c50e133ab083cfaf9b8f9",
                "sha256:63db8577ce0e03b39f30071166c6667659124a65d7fcd38adffe6a34487ce6fb",
                "sha256:7998bb0cacb0005ba62f963540c0f7cb09e86b51f6b4e64ed5632f31a7266fa1",
                "sha256:c1f86aa0390f4baf07d2631b16b979580eae1d9a973a826ce45353a22ee8d396",
                "sha256:eb47b9cec9818b684537d05552ff10404c92d9dcdd455156456b19e7423855bc"
            ],
            "index": "pypi",
            "version": "==0.1.1"
        },
        "pyserial": {
            "hashes": [
                "sha256:3c77e014170dfffbd816e6ffc205e9842efb10be9f58ec16d3e8675b4925cddb",
                "sha256:c4451db6ba391ca6ca299fb3ec7bae67a5c55dde170964c7a14ceefec02f2cf0"
            ],
            "index": "pypi",
            "version": "==3.5"
        }
    },
    "develop": {}
}
